// !$*UTF8*$!
{
	archiveVersion = 1;
	classes = {
	};
	objectVersion = 56;
	objects = {

/* Begin PBXBuildFile section */
		EE044DB22BBD128500D2356D /* ImageCache.swift in Sources */ = {isa = PBXBuildFile; fileRef = EE044DB12BBD128500D2356D /* ImageCache.swift */; };
		EE11960A2BB7E5FE002706FF /* AppDelegate.swift in Sources */ = {isa = PBXBuildFile; fileRef = EE1196092BB7E5FE002706FF /* AppDelegate.swift */; };
		EE11960C2BB7E5FE002706FF /* SceneDelegate.swift in Sources */ = {isa = PBXBuildFile; fileRef = EE11960B2BB7E5FE002706FF /* SceneDelegate.swift */; };
		EE11960E2BB7E5FE002706FF /* ViewController.swift in Sources */ = {isa = PBXBuildFile; fileRef = EE11960D2BB7E5FE002706FF /* ViewController.swift */; };
		EE1196112BB7E5FE002706FF /* Main.storyboard in Resources */ = {isa = PBXBuildFile; fileRef = EE11960F2BB7E5FE002706FF /* Main.storyboard */; };
		EE1196132BB7E5FF002706FF /* Assets.xcassets in Resources */ = {isa = PBXBuildFile; fileRef = EE1196122BB7E5FF002706FF /* Assets.xcassets */; };
		EE1196162BB7E600002706FF /* LaunchScreen.storyboard in Resources */ = {isa = PBXBuildFile; fileRef = EE1196142BB7E600002706FF /* LaunchScreen.storyboard */; };
		EE1196212BB7E600002706FF /* TintHWTests.swift in Sources */ = {isa = PBXBuildFile; fileRef = EE1196202BB7E600002706FF /* TintHWTests.swift */; };
		EE11962B2BB7E600002706FF /* TintHWUITests.swift in Sources */ = {isa = PBXBuildFile; fileRef = EE11962A2BB7E600002706FF /* TintHWUITests.swift */; };
		EE11962D2BB7E600002706FF /* TintHWUITestsLaunchTests.swift in Sources */ = {isa = PBXBuildFile; fileRef = EE11962C2BB7E600002706FF /* TintHWUITestsLaunchTests.swift */; };
		EE6B97722BBD155900A77D67 /* Extension++.swift in Sources */ = {isa = PBXBuildFile; fileRef = EE6B97712BBD155900A77D67 /* Extension++.swift */; };
		EEDDA6AE2BB7F478003CA59E /* Alamofire in Frameworks */ = {isa = PBXBuildFile; productRef = EEDDA6AD2BB7F478003CA59E /* Alamofire */; };
		EEDDA6B32BB7F4F0003CA59E /* NetworkService.swift in Sources */ = {isa = PBXBuildFile; fileRef = EEDDA6B22BB7F4F0003CA59E /* NetworkService.swift */; };
		EEDDA6B42BB7F4F0003CA59E /* NetworkService.swift in Sources */ = {isa = PBXBuildFile; fileRef = EEDDA6B22BB7F4F0003CA59E /* NetworkService.swift */; };
		EEDDA6B72BB7F5BB003CA59E /* PhotoCollectionViewCell.swift in Sources */ = {isa = PBXBuildFile; fileRef = EEDDA6B52BB7F5BB003CA59E /* PhotoCollectionViewCell.swift */; };
		EEDDA6B82BB7F5BB003CA59E /* PhotoCollectionViewCell.swift in Sources */ = {isa = PBXBuildFile; fileRef = EEDDA6B52BB7F5BB003CA59E /* PhotoCollectionViewCell.swift */; };
		EEDDA6B92BB7F5BB003CA59E /* PhotoCollectionViewCell.swift in Sources */ = {isa = PBXBuildFile; fileRef = EEDDA6B52BB7F5BB003CA59E /* PhotoCollectionViewCell.swift */; };
		EEDDA6BA2BB7F5BB003CA59E /* PhotoCollectionViewCell.xib in Resources */ = {isa = PBXBuildFile; fileRef = EEDDA6B62BB7F5BB003CA59E /* PhotoCollectionViewCell.xib */; };
		EEDDA6BB2BB7F5BB003CA59E /* PhotoCollectionViewCell.xib in Resources */ = {isa = PBXBuildFile; fileRef = EEDDA6B62BB7F5BB003CA59E /* PhotoCollectionViewCell.xib */; };
		EEDDA6BC2BB7F5BB003CA59E /* PhotoCollectionViewCell.xib in Resources */ = {isa = PBXBuildFile; fileRef = EEDDA6B62BB7F5BB003CA59E /* PhotoCollectionViewCell.xib */; };
		EEDDA6BE2BB7FA32003CA59E /* PhotosCellModel.swift in Sources */ = {isa = PBXBuildFile; fileRef = EEDDA6BD2BB7FA32003CA59E /* PhotosCellModel.swift */; };
		EEDDA6C02BB88278003CA59E /* ListViewModel.swift in Sources */ = {isa = PBXBuildFile; fileRef = EEDDA6BF2BB88278003CA59E /* ListViewModel.swift */; };
		EEDDA6C22BB8831C003CA59E /* ListViewController.swift in Sources */ = {isa = PBXBuildFile; fileRef = EEDDA6C12BB8831C003CA59E /* ListViewController.swift */; };
/* End PBXBuildFile section */

/* Begin PBXContainerItemProxy section */
		EE11961D2BB7E600002706FF /* PBXContainerItemProxy */ = {
			isa = PBXContainerItemProxy;
			containerPortal = EE1195FE2BB7E5FE002706FF /* Project object */;
			proxyType = 1;
			remoteGlobalIDString = EE1196052BB7E5FE002706FF;
			remoteInfo = TintHW;
		};
		EE1196272BB7E600002706FF /* PBXContainerItemProxy */ = {
			isa = PBXContainerItemProxy;
			containerPortal = EE1195FE2BB7E5FE002706FF /* Project object */;
			proxyType = 1;
			remoteGlobalIDString = EE1196052BB7E5FE002706FF;
			remoteInfo = TintHW;
		};
/* End PBXContainerItemProxy section */

/* Begin PBXFileReference section */
		EE044DB12BBD128500D2356D /* ImageCache.swift */ = {isa = PBXFileReference; lastKnownFileType = sourcecode.swift; path = ImageCache.swift; sourceTree = "<group>"; };
		EE1196062BB7E5FE002706FF /* TintHW.app */ = {isa = PBXFileReference; explicitFileType = wrapper.application; includeInIndex = 0; path = TintHW.app; sourceTree = BUILT_PRODUCTS_DIR; };
		EE1196092BB7E5FE002706FF /* AppDelegate.swift */ = {isa = PBXFileReference; lastKnownFileType = sourcecode.swift; path = AppDelegate.swift; sourceTree = "<group>"; };
		EE11960B2BB7E5FE002706FF /* SceneDelegate.swift */ = {isa = PBXFileReference; lastKnownFileType = sourcecode.swift; path = SceneDelegate.swift; sourceTree = "<group>"; };
		EE11960D2BB7E5FE002706FF /* ViewController.swift */ = {isa = PBXFileReference; lastKnownFileType = sourcecode.swift; path = ViewController.swift; sourceTree = "<group>"; };
		EE1196102BB7E5FE002706FF /* Base */ = {isa = PBXFileReference; lastKnownFileType = file.storyboard; name = Base; path = Base.lproj/Main.storyboard; sourceTree = "<group>"; };
		EE1196122BB7E5FF002706FF /* Assets.xcassets */ = {isa = PBXFileReference; lastKnownFileType = folder.assetcatalog; path = Assets.xcassets; sourceTree = "<group>"; };
		EE1196152BB7E600002706FF /* Base */ = {isa = PBXFileReference; lastKnownFileType = file.storyboard; name = Base; path = Base.lproj/LaunchScreen.storyboard; sourceTree = "<group>"; };
		EE1196172BB7E600002706FF /* Info.plist */ = {isa = PBXFileReference; lastKnownFileType = text.plist.xml; path = Info.plist; sourceTree = "<group>"; };
		EE11961C2BB7E600002706FF /* TintHWTests.xctest */ = {isa = PBXFileReference; explicitFileType = wrapper.cfbundle; includeInIndex = 0; path = TintHWTests.xctest; sourceTree = BUILT_PRODUCTS_DIR; };
		EE1196202BB7E600002706FF /* TintHWTests.swift */ = {isa = PBXFileReference; lastKnownFileType = sourcecode.swift; path = TintHWTests.swift; sourceTree = "<group>"; };
		EE1196262BB7E600002706FF /* TintHWUITests.xctest */ = {isa = PBXFileReference; explicitFileType = wrapper.cfbundle; includeInIndex = 0; path = TintHWUITests.xctest; sourceTree = BUILT_PRODUCTS_DIR; };
		EE11962A2BB7E600002706FF /* TintHWUITests.swift */ = {isa = PBXFileReference; lastKnownFileType = sourcecode.swift; path = TintHWUITests.swift; sourceTree = "<group>"; };
		EE11962C2BB7E600002706FF /* TintHWUITestsLaunchTests.swift */ = {isa = PBXFileReference; lastKnownFileType = sourcecode.swift; path = TintHWUITestsLaunchTests.swift; sourceTree = "<group>"; };
		EE6B97712BBD155900A77D67 /* Extension++.swift */ = {isa = PBXFileReference; lastKnownFileType = sourcecode.swift; path = "Extension++.swift"; sourceTree = "<group>"; };
		EEDDA6B22BB7F4F0003CA59E /* NetworkService.swift */ = {isa = PBXFileReference; lastKnownFileType = sourcecode.swift; path = NetworkService.swift; sourceTree = "<group>"; };
		EEDDA6B52BB7F5BB003CA59E /* PhotoCollectionViewCell.swift */ = {isa = PBXFileReference; lastKnownFileType = sourcecode.swift; path = PhotoCollectionViewCell.swift; sourceTree = "<group>"; };
		EEDDA6B62BB7F5BB003CA59E /* PhotoCollectionViewCell.xib */ = {isa = PBXFileReference; lastKnownFileType = file.xib; path = PhotoCollectionViewCell.xib; sourceTree = "<group>"; };
		EEDDA6BD2BB7FA32003CA59E /* PhotosCellModel.swift */ = {isa = PBXFileReference; lastKnownFileType = sourcecode.swift; path = PhotosCellModel.swift; sourceTree = "<group>"; };
		EEDDA6BF2BB88278003CA59E /* ListViewModel.swift */ = {isa = PBXFileReference; lastKnownFileType = sourcecode.swift; path = ListViewModel.swift; sourceTree = "<group>"; };
		EEDDA6C12BB8831C003CA59E /* ListViewController.swift */ = {isa = PBXFileReference; lastKnownFileType = sourcecode.swift; path = ListViewController.swift; sourceTree = "<group>"; };
/* End PBXFileReference section */

/* Begin PBXFrameworksBuildPhase section */
		EE1196032BB7E5FE002706FF /* Frameworks */ = {
			isa = PBXFrameworksBuildPhase;
			buildActionMask = 2147483647;
			files = (
				EEDDA6AE2BB7F478003CA59E /* Alamofire in Frameworks */,
			);
			runOnlyForDeploymentPostprocessing = 0;
		};
		EE1196192BB7E600002706FF /* Frameworks */ = {
			isa = PBXFrameworksBuildPhase;
			buildActionMask = 2147483647;
			files = (
			);
			runOnlyForDeploymentPostprocessing = 0;
		};
		EE1196232BB7E600002706FF /* Frameworks */ = {
			isa = PBXFrameworksBuildPhase;
			buildActionMask = 2147483647;
			files = (
			);
			runOnlyForDeploymentPostprocessing = 0;
		};
/* End PBXFrameworksBuildPhase section */

/* Begin PBXGroup section */
		EE044DAC2BBD0DDD00D2356D /* Service */ = {
			isa = PBXGroup;
			children = (
				EEDDA6B22BB7F4F0003CA59E /* NetworkService.swift */,
			);
			path = Service;
			sourceTree = "<group>";
		};
		EE044DAD2BBD0DF000D2356D /* ViewModel */ = {
			isa = PBXGroup;
			children = (
				EEDDA6BF2BB88278003CA59E /* ListViewModel.swift */,
			);
			path = ViewModel;
			sourceTree = "<group>";
		};
		EE044DAE2BBD0E0300D2356D /* Cell */ = {
			isa = PBXGroup;
			children = (
				EEDDA6B52BB7F5BB003CA59E /* PhotoCollectionViewCell.swift */,
				EEDDA6B62BB7F5BB003CA59E /* PhotoCollectionViewCell.xib */,
			);
			path = Cell;
			sourceTree = "<group>";
		};
		EE044DAF2BBD0E1200D2356D /* Model */ = {
			isa = PBXGroup;
			children = (
				EEDDA6BD2BB7FA32003CA59E /* PhotosCellModel.swift */,
			);
			path = Model;
			sourceTree = "<group>";
		};
		EE044DB02BBD125800D2356D /* Extension */ = {
			isa = PBXGroup;
			children = (
				EE044DB12BBD128500D2356D /* ImageCache.swift */,
				EE6B97712BBD155900A77D67 /* Extension++.swift */,
			);
			path = Extension;
			sourceTree = "<group>";
		};
		EE1195FD2BB7E5FE002706FF = {
			isa = PBXGroup;
			children = (
				EE1196082BB7E5FE002706FF /* TintHW */,
				EE11961F2BB7E600002706FF /* TintHWTests */,
				EE1196292BB7E600002706FF /* TintHWUITests */,
				EE1196072BB7E5FE002706FF /* Products */,
			);
			sourceTree = "<group>";
		};
		EE1196072BB7E5FE002706FF /* Products */ = {
			isa = PBXGroup;
			children = (
				EE1196062BB7E5FE002706FF /* TintHW.app */,
				EE11961C2BB7E600002706FF /* TintHWTests.xctest */,
				EE1196262BB7E600002706FF /* TintHWUITests.xctest */,
			);
			name = Products;
			sourceTree = "<group>";
		};
		EE1196082BB7E5FE002706FF /* TintHW */ = {
			isa = PBXGroup;
			children = (
				EE1196092BB7E5FE002706FF /* AppDelegate.swift */,
				EE11960B2BB7E5FE002706FF /* SceneDelegate.swift */,
				EE11960D2BB7E5FE002706FF /* ViewController.swift */,
				EEDDA6C12BB8831C003CA59E /* ListViewController.swift */,
				EE044DAF2BBD0E1200D2356D /* Model */,
				EE044DAD2BBD0DF000D2356D /* ViewModel */,
				EE044DAC2BBD0DDD00D2356D /* Service */,
				EE044DB02BBD125800D2356D /* Extension */,
				EE044DAE2BBD0E0300D2356D /* Cell */,
				EE11960F2BB7E5FE002706FF /* Main.storyboard */,
				EE1196122BB7E5FF002706FF /* Assets.xcassets */,
				EE1196142BB7E600002706FF /* LaunchScreen.storyboard */,
				EE1196172BB7E600002706FF /* Info.plist */,
			);
			path = TintHW;
			sourceTree = "<group>";
		};
		EE11961F2BB7E600002706FF /* TintHWTests */ = {
			isa = PBXGroup;
			children = (
				EE1196202BB7E600002706FF /* TintHWTests.swift */,
			);
			path = TintHWTests;
			sourceTree = "<group>";
		};
		EE1196292BB7E600002706FF /* TintHWUITests */ = {
			isa = PBXGroup;
			children = (
				EE11962A2BB7E600002706FF /* TintHWUITests.swift */,
				EE11962C2BB7E600002706FF /* TintHWUITestsLaunchTests.swift */,
			);
			path = TintHWUITests;
			sourceTree = "<group>";
		};
/* End PBXGroup section */

/* Begin PBXNativeTarget section */
		EE1196052BB7E5FE002706FF /* TintHW */ = {
			isa = PBXNativeTarget;
			buildConfigurationList = EE1196302BB7E600002706FF /* Build configuration list for PBXNativeTarget "TintHW" */;
			buildPhases = (
				EE1196022BB7E5FE002706FF /* Sources */,
				EE1196032BB7E5FE002706FF /* Frameworks */,
				EE1196042BB7E5FE002706FF /* Resources */,
			);
			buildRules = (
			);
			dependencies = (
			);
			name = TintHW;
			packageProductDependencies = (
				EEDDA6AD2BB7F478003CA59E /* Alamofire */,
			);
			productName = TintHW;
			productReference = EE1196062BB7E5FE002706FF /* TintHW.app */;
			productType = "com.apple.product-type.application";
		};
		EE11961B2BB7E600002706FF /* TintHWTests */ = {
			isa = PBXNativeTarget;
			buildConfigurationList = EE1196332BB7E600002706FF /* Build configuration list for PBXNativeTarget "TintHWTests" */;
			buildPhases = (
				EE1196182BB7E600002706FF /* Sources */,
				EE1196192BB7E600002706FF /* Frameworks */,
				EE11961A2BB7E600002706FF /* Resources */,
			);
			buildRules = (
			);
			dependencies = (
				EE11961E2BB7E600002706FF /* PBXTargetDependency */,
			);
			name = TintHWTests;
			productName = TintHWTests;
			productReference = EE11961C2BB7E600002706FF /* TintHWTests.xctest */;
			productType = "com.apple.product-type.bundle.unit-test";
		};
		EE1196252BB7E600002706FF /* TintHWUITests */ = {
			isa = PBXNativeTarget;
			buildConfigurationList = EE1196362BB7E600002706FF /* Build configuration list for PBXNativeTarget "TintHWUITests" */;
			buildPhases = (
				EE1196222BB7E600002706FF /* Sources */,
				EE1196232BB7E600002706FF /* Frameworks */,
				EE1196242BB7E600002706FF /* Resources */,
			);
			buildRules = (
			);
			dependencies = (
				EE1196282BB7E600002706FF /* PBXTargetDependency */,
			);
			name = TintHWUITests;
			productName = TintHWUITests;
			productReference = EE1196262BB7E600002706FF /* TintHWUITests.xctest */;
			productType = "com.apple.product-type.bundle.ui-testing";
		};
/* End PBXNativeTarget section */

/* Begin PBXProject section */
		EE1195FE2BB7E5FE002706FF /* Project object */ = {
			isa = PBXProject;
			attributes = {
				BuildIndependentTargetsInParallel = 1;
				LastSwiftUpdateCheck = 1430;
				LastUpgradeCheck = 1430;
				TargetAttributes = {
					EE1196052BB7E5FE002706FF = {
						CreatedOnToolsVersion = 14.3.1;
					};
					EE11961B2BB7E600002706FF = {
						CreatedOnToolsVersion = 14.3.1;
						TestTargetID = EE1196052BB7E5FE002706FF;
					};
					EE1196252BB7E600002706FF = {
						CreatedOnToolsVersion = 14.3.1;
						TestTargetID = EE1196052BB7E5FE002706FF;
					};
				};
			};
			buildConfigurationList = EE1196012BB7E5FE002706FF /* Build configuration list for PBXProject "TintHW" */;
			compatibilityVersion = "Xcode 14.0";
			developmentRegion = en;
			hasScannedForEncodings = 0;
			knownRegions = (
				en,
				Base,
			);
			mainGroup = EE1195FD2BB7E5FE002706FF;
			packageReferences = (
				EEDDA6AC2BB7F478003CA59E /* XCRemoteSwiftPackageReference "Alamofire" */,
			);
			productRefGroup = EE1196072BB7E5FE002706FF /* Products */;
			projectDirPath = "";
			projectRoot = "";
			targets = (
				EE1196052BB7E5FE002706FF /* TintHW */,
				EE11961B2BB7E600002706FF /* TintHWTests */,
				EE1196252BB7E600002706FF /* TintHWUITests */,
			);
		};
/* End PBXProject section */

/* Begin PBXResourcesBuildPhase section */
		EE1196042BB7E5FE002706FF /* Resources */ = {
			isa = PBXResourcesBuildPhase;
			buildActionMask = 2147483647;
			files = (
				EE1196162BB7E600002706FF /* LaunchScreen.storyboard in Resources */,
				EEDDA6BA2BB7F5BB003CA59E /* PhotoCollectionViewCell.xib in Resources */,
				EE1196132BB7E5FF002706FF /* Assets.xcassets in Resources */,
				EE1196112BB7E5FE002706FF /* Main.storyboard in Resources */,
			);
			runOnlyForDeploymentPostprocessing = 0;
		};
		EE11961A2BB7E600002706FF /* Resources */ = {
			isa = PBXResourcesBuildPhase;
			buildActionMask = 2147483647;
			files = (
				EEDDA6BB2BB7F5BB003CA59E /* PhotoCollectionViewCell.xib in Resources */,
			);
			runOnlyForDeploymentPostprocessing = 0;
		};
		EE1196242BB7E600002706FF /* Resources */ = {
			isa = PBXResourcesBuildPhase;
			buildActionMask = 2147483647;
			files = (
				EEDDA6BC2BB7F5BB003CA59E /* PhotoCollectionViewCell.xib in Resources */,
			);
			runOnlyForDeploymentPostprocessing = 0;
		};
/* End PBXResourcesBuildPhase section */

/* Begin PBXSourcesBuildPhase section */
		EE1196022BB7E5FE002706FF /* Sources */ = {
			isa = PBXSourcesBuildPhase;
			buildActionMask = 2147483647;
			files = (
				EEDDA6BE2BB7FA32003CA59E /* PhotosCellModel.swift in Sources */,
				EEDDA6B32BB7F4F0003CA59E /* NetworkService.swift in Sources */,
				EEDDA6C02BB88278003CA59E /* ListViewModel.swift in Sources */,
				EE6B97722BBD155900A77D67 /* Extension++.swift in Sources */,
				EE044DB22BBD128500D2356D /* ImageCache.swift in Sources */,
				EEDDA6B72BB7F5BB003CA59E /* PhotoCollectionViewCell.swift in Sources */,
				EE11960E2BB7E5FE002706FF /* ViewController.swift in Sources */,
				EE11960A2BB7E5FE002706FF /* AppDelegate.swift in Sources */,
				EEDDA6C22BB8831C003CA59E /* ListViewController.swift in Sources */,
				EE11960C2BB7E5FE002706FF /* SceneDelegate.swift in Sources */,
			);
			runOnlyForDeploymentPostprocessing = 0;
		};
		EE1196182BB7E600002706FF /* Sources */ = {
			isa = PBXSourcesBuildPhase;
			buildActionMask = 2147483647;
			files = (
				EEDDA6B42BB7F4F0003CA59E /* NetworkService.swift in Sources */,
				EE1196212BB7E600002706FF /* TintHWTests.swift in Sources */,
				EEDDA6B82BB7F5BB003CA59E /* PhotoCollectionViewCell.swift in Sources */,
			);
			runOnlyForDeploymentPostprocessing = 0;
		};
		EE1196222BB7E600002706FF /* Sources */ = {
			isa = PBXSourcesBuildPhase;
			buildActionMask = 2147483647;
			files = (
				EE11962D2BB7E600002706FF /* TintHWUITestsLaunchTests.swift in Sources */,
				EE11962B2BB7E600002706FF /* TintHWUITests.swift in Sources */,
				EEDDA6B92BB7F5BB003CA59E /* PhotoCollectionViewCell.swift in Sources */,
			);
			runOnlyForDeploymentPostprocessing = 0;
		};
/* End PBXSourcesBuildPhase section */

/* Begin PBXTargetDependency section */
		EE11961E2BB7E600002706FF /* PBXTargetDependency */ = {
			isa = PBXTargetDependency;
			target = EE1196052BB7E5FE002706FF /* TintHW */;
			targetProxy = EE11961D2BB7E600002706FF /* PBXContainerItemProxy */;
		};
		EE1196282BB7E600002706FF /* PBXTargetDependency */ = {
			isa = PBXTargetDependency;
			target = EE1196052BB7E5FE002706FF /* TintHW */;
			targetProxy = EE1196272BB7E600002706FF /* PBXContainerItemProxy */;
		};
/* End PBXTargetDependency section */

/* Begin PBXVariantGroup section */
		EE11960F2BB7E5FE002706FF /* Main.storyboard */ = {
			isa = PBXVariantGroup;
			children = (
				EE1196102BB7E5FE002706FF /* Base */,
			);
			name = Main.storyboard;
			sourceTree = "<group>";
		};
		EE1196142BB7E600002706FF /* LaunchScreen.storyboard */ = {
			isa = PBXVariantGroup;
			children = (
				EE1196152BB7E600002706FF /* Base */,
			);
			name = LaunchScreen.storyboard;
			sourceTree = "<group>";
		};
/* End PBXVariantGroup section */

/* Begin XCBuildConfiguration section */
		EE11962E2BB7E600002706FF /* Debug */ = {
			isa = XCBuildConfiguration;
			buildSettings = {
				ALWAYS_SEARCH_USER_PATHS = NO;
				CLANG_ANALYZER_NONNULL = YES;
				CLANG_ANALYZER_NUMBER_OBJECT_CONVERSION = YES_AGGRESSIVE;
				CLANG_CXX_LANGUAGE_STANDARD = "gnu++20";
				CLANG_ENABLE_MODULES = YES;
				CLANG_ENABLE_OBJC_ARC = YES;
				CLANG_ENABLE_OBJC_WEAK = YES;
				CLANG_WARN_BLOCK_CAPTURE_AUTORELEASING = YES;
				CLANG_WARN_BOOL_CONVERSION = YES;
				CLANG_WARN_COMMA = YES;
				CLANG_WARN_CONSTANT_CONVERSION = YES;
				CLANG_WARN_DEPRECATED_OBJC_IMPLEMENTATIONS = YES;
				CLANG_WARN_DIRECT_OBJC_ISA_USAGE = YES_ERROR;
				CLANG_WARN_DOCUMENTATION_COMMENTS = YES;
				CLANG_WARN_EMPTY_BODY = YES;
				CLANG_WARN_ENUM_CONVERSION = YES;
				CLANG_WARN_INFINITE_RECURSION = YES;
				CLANG_WARN_INT_CONVERSION = YES;
				CLANG_WARN_NON_LITERAL_NULL_CONVERSION = YES;
				CLANG_WARN_OBJC_IMPLICIT_RETAIN_SELF = YES;
				CLANG_WARN_OBJC_LITERAL_CONVERSION = YES;
				CLANG_WARN_OBJC_ROOT_CLASS = YES_ERROR;
				CLANG_WARN_QUOTED_INCLUDE_IN_FRAMEWORK_HEADER = YES;
				CLANG_WARN_RANGE_LOOP_ANALYSIS = YES;
				CLANG_WARN_STRICT_PROTOTYPES = YES;
				CLANG_WARN_SUSPICIOUS_MOVE = YES;
				CLANG_WARN_UNGUARDED_AVAILABILITY = YES_AGGRESSIVE;
				CLANG_WARN_UNREACHABLE_CODE = YES;
				CLANG_WARN__DUPLICATE_METHOD_MATCH = YES;
				COPY_PHASE_STRIP = NO;
				DEBUG_INFORMATION_FORMAT = dwarf;
				ENABLE_STRICT_OBJC_MSGSEND = YES;
				ENABLE_TESTABILITY = YES;
				GCC_C_LANGUAGE_STANDARD = gnu11;
				GCC_DYNAMIC_NO_PIC = NO;
				GCC_NO_COMMON_BLOCKS = YES;
				GCC_OPTIMIZATION_LEVEL = 0;
				GCC_PREPROCESSOR_DEFINITIONS = (
					"DEBUG=1",
					"$(inherited)",
				);
				GCC_WARN_64_TO_32_BIT_CONVERSION = YES;
				GCC_WARN_ABOUT_RETURN_TYPE = YES_ERROR;
				GCC_WARN_UNDECLARED_SELECTOR = YES;
				GCC_WARN_UNINITIALIZED_AUTOS = YES_AGGRESSIVE;
				GCC_WARN_UNUSED_FUNCTION = YES;
				GCC_WARN_UNUSED_VARIABLE = YES;
				IPHONEOS_DEPLOYMENT_TARGET = 16.4;
				MTL_ENABLE_DEBUG_INFO = INCLUDE_SOURCE;
				MTL_FAST_MATH = YES;
				ONLY_ACTIVE_ARCH = YES;
				SDKROOT = iphoneos;
				SWIFT_ACTIVE_COMPILATION_CONDITIONS = DEBUG;
				SWIFT_OPTIMIZATION_LEVEL = "-Onone";
			};
			name = Debug;
		};
		EE11962F2BB7E600002706FF /* Release */ = {
			isa = XCBuildConfiguration;
			buildSettings = {
				ALWAYS_SEARCH_USER_PATHS = NO;
				CLANG_ANALYZER_NONNULL = YES;
				CLANG_ANALYZER_NUMBER_OBJECT_CONVERSION = YES_AGGRESSIVE;
				CLANG_CXX_LANGUAGE_STANDARD = "gnu++20";
				CLANG_ENABLE_MODULES = YES;
				CLANG_ENABLE_OBJC_ARC = YES;
				CLANG_ENABLE_OBJC_WEAK = YES;
				CLANG_WARN_BLOCK_CAPTURE_AUTORELEASING = YES;
				CLANG_WARN_BOOL_CONVERSION = YES;
				CLANG_WARN_COMMA = YES;
				CLANG_WARN_CONSTANT_CONVERSION = YES;
				CLANG_WARN_DEPRECATED_OBJC_IMPLEMENTATIONS = YES;
				CLANG_WARN_DIRECT_OBJC_ISA_USAGE = YES_ERROR;
				CLANG_WARN_DOCUMENTATION_COMMENTS = YES;
				CLANG_WARN_EMPTY_BODY = YES;
				CLANG_WARN_ENUM_CONVERSION = YES;
				CLANG_WARN_INFINITE_RECURSION = YES;
				CLANG_WARN_INT_CONVERSION = YES;
				CLANG_WARN_NON_LITERAL_NULL_CONVERSION = YES;
				CLANG_WARN_OBJC_IMPLICIT_RETAIN_SELF = YES;
				CLANG_WARN_OBJC_LITERAL_CONVERSION = YES;
				CLANG_WARN_OBJC_ROOT_CLASS = YES_ERROR;
				CLANG_WARN_QUOTED_INCLUDE_IN_FRAMEWORK_HEADER = YES;
				CLANG_WARN_RANGE_LOOP_ANALYSIS = YES;
				CLANG_WARN_STRICT_PROTOTYPES = YES;
				CLANG_WARN_SUSPICIOUS_MOVE = YES;
				CLANG_WARN_UNGUARDED_AVAILABILITY = YES_AGGRESSIVE;
				CLANG_WARN_UNREACHABLE_CODE = YES;
				CLANG_WARN__DUPLICATE_METHOD_MATCH = YES;
				COPY_PHASE_STRIP = NO;
				DEBUG_INFORMATION_FORMAT = "dwarf-with-dsym";
				ENABLE_NS_ASSERTIONS = NO;
				ENABLE_STRICT_OBJC_MSGSEND = YES;
				GCC_C_LANGUAGE_STANDARD = gnu11;
				GCC_NO_COMMON_BLOCKS = YES;
				GCC_WARN_64_TO_32_BIT_CONVERSION = YES;
				GCC_WARN_ABOUT_RETURN_TYPE = YES_ERROR;
				GCC_WARN_UNDECLARED_SELECTOR = YES;
				GCC_WARN_UNINITIALIZED_AUTOS = YES_AGGRESSIVE;
				GCC_WARN_UNUSED_FUNCTION = YES;
				GCC_WARN_UNUSED_VARIABLE = YES;
				IPHONEOS_DEPLOYMENT_TARGET = 16.4;
				MTL_ENABLE_DEBUG_INFO = NO;
				MTL_FAST_MATH = YES;
				SDKROOT = iphoneos;
				SWIFT_COMPILATION_MODE = wholemodule;
				SWIFT_OPTIMIZATION_LEVEL = "-O";
				VALIDATE_PRODUCT = YES;
			};
			name = Release;
		};
		EE1196312BB7E600002706FF /* Debug */ = {
			isa = XCBuildConfiguration;
			buildSettings = {
				ASSETCATALOG_COMPILER_APPICON_NAME = AppIcon;
				ASSETCATALOG_COMPILER_GLOBAL_ACCENT_COLOR_NAME = AccentColor;
				CODE_SIGN_STYLE = Automatic;
				CURRENT_PROJECT_VERSION = 1;
				DEVELOPMENT_TEAM = 8G52W4UACZ;
				GENERATE_INFOPLIST_FILE = YES;
				INFOPLIST_FILE = TintHW/Info.plist;
				INFOPLIST_KEY_UIApplicationSupportsIndirectInputEvents = YES;
				INFOPLIST_KEY_UILaunchStoryboardName = LaunchScreen;
				INFOPLIST_KEY_UIMainStoryboardFile = Main;
				INFOPLIST_KEY_UISupportedInterfaceOrientations_iPad = "UIInterfaceOrientationPortrait UIInterfaceOrientationPortraitUpsideDown UIInterfaceOrientationLandscapeLeft UIInterfaceOrientationLandscapeRight";
				INFOPLIST_KEY_UISupportedInterfaceOrientations_iPhone = "UIInterfaceOrientationPortrait UIInterfaceOrientationLandscapeLeft UIInterfaceOrientationLandscapeRight";
				LD_RUNPATH_SEARCH_PATHS = (
					"$(inherited)",
					"@executable_path/Frameworks",
				);
				MARKETING_VERSION = 1.0;
				PRODUCT_BUNDLE_IDENTIFIER = com.ting.TintHW;
				PRODUCT_NAME = "$(TARGET_NAME)";
				SWIFT_EMIT_LOC_STRINGS = YES;
				SWIFT_VERSION = 5.0;
				TARGETED_DEVICE_FAMILY = "1,2";
			};
			name = Debug;
		};
		EE1196322BB7E600002706FF /* Release */ = {
			isa = XCBuildConfiguration;
			buildSettings = {
				ASSETCATALOG_COMPILER_APPICON_NAME = AppIcon;
				ASSETCATALOG_COMPILER_GLOBAL_ACCENT_COLOR_NAME = AccentColor;
				CODE_SIGN_STYLE = Automatic;
				CURRENT_PROJECT_VERSION = 1;
				DEVELOPMENT_TEAM = 8G52W4UACZ;
				GENERATE_INFOPLIST_FILE = YES;
				INFOPLIST_FILE = TintHW/Info.plist;
				INFOPLIST_KEY_UIApplicationSupportsIndirectInputEvents = YES;
				INFOPLIST_KEY_UILaunchStoryboardName = LaunchScreen;
				INFOPLIST_KEY_UIMainStoryboardFile = Main;
				INFOPLIST_KEY_UISupportedInterfaceOrientations_iPad = "UIInterfaceOrientationPortrait UIInterfaceOrientationPortraitUpsideDown UIInterfaceOrientationLandscapeLeft UIInterfaceOrientationLandscapeRight";
				INFOPLIST_KEY_UISupportedInterfaceOrientations_iPhone = "UIInterfaceOrientationPortrait UIInterfaceOrientationLandscapeLeft UIInterfaceOrientationLandscapeRight";
				LD_RUNPATH_SEARCH_PATHS = (
					"$(inherited)",
					"@executable_path/Frameworks",
				);
				MARKETING_VERSION = 1.0;
				PRODUCT_BUNDLE_IDENTIFIER = com.ting.TintHW;
				PRODUCT_NAME = "$(TARGET_NAME)";
				SWIFT_EMIT_LOC_STRINGS = YES;
				SWIFT_VERSION = 5.0;
				TARGETED_DEVICE_FAMILY = "1,2";
			};
			name = Release;
		};
		EE1196342BB7E600002706FF /* Debug */ = {
			isa = XCBuildConfiguration;
			buildSettings = {
				ALWAYS_EMBED_SWIFT_STANDARD_LIBRARIES = YES;
				BUNDLE_LOADER = "$(TEST_HOST)";
				CODE_SIGN_STYLE = Automatic;
				CURRENT_PROJECT_VERSION = 1;
				DEVELOPMENT_TEAM = 8G52W4UACZ;
				GENERATE_INFOPLIST_FILE = YES;
				IPHONEOS_DEPLOYMENT_TARGET = 16.4;
				MARKETING_VERSION = 1.0;
				PRODUCT_BUNDLE_IDENTIFIER = com.ting.TintHWTests;
				PRODUCT_NAME = "$(TARGET_NAME)";
				SWIFT_EMIT_LOC_STRINGS = NO;
				SWIFT_VERSION = 5.0;
				TARGETED_DEVICE_FAMILY = "1,2";
				TEST_HOST = "$(BUILT_PRODUCTS_DIR)/TintHW.app/$(BUNDLE_EXECUTABLE_FOLDER_PATH)/TintHW";
			};
			name = Debug;
		};
		EE1196352BB7E600002706FF /* Release */ = {
			isa = XCBuildConfiguration;
			buildSettings = {
				ALWAYS_EMBED_SWIFT_STANDARD_LIBRARIES = YES;
				BUNDLE_LOADER = "$(TEST_HOST)";
				CODE_SIGN_STYLE = Automatic;
				CURRENT_PROJECT_VERSION = 1;
				DEVELOPMENT_TEAM = 8G52W4UACZ;
				GENERATE_INFOPLIST_FILE = YES;
				IPHONEOS_DEPLOYMENT_TARGET = 16.4;
				MARKETING_VERSION = 1.0;
				PRODUCT_BUNDLE_IDENTIFIER = com.ting.TintHWTests;
				PRODUCT_NAME = "$(TARGET_NAME)";
				SWIFT_EMIT_LOC_STRINGS = NO;
				SWIFT_VERSION = 5.0;
				TARGETED_DEVICE_FAMILY = "1,2";
				TEST_HOST = "$(BUILT_PRODUCTS_DIR)/TintHW.app/$(BUNDLE_EXECUTABLE_FOLDER_PATH)/TintHW";
			};
			name = Release;
		};
		EE1196372BB7E600002706FF /* Debug */ = {
			isa = XCBuildConfiguration;
			buildSettings = {
				ALWAYS_EMBED_SWIFT_STANDARD_LIBRARIES = YES;
				CODE_SIGN_STYLE = Automatic;
				CURRENT_PROJECT_VERSION = 1;
				DEVELOPMENT_TEAM = 8G52W4UACZ;
				GENERATE_INFOPLIST_FILE = YES;
				MARKETING_VERSION = 1.0;
				PRODUCT_BUNDLE_IDENTIFIER = com.ting.TintHWUITests;
				PRODUCT_NAME = "$(TARGET_NAME)";
				SWIFT_EMIT_LOC_STRINGS = NO;
				SWIFT_VERSION = 5.0;
				TARGETED_DEVICE_FAMILY = "1,2";
				TEST_TARGET_NAME = TintHW;
			};
			name = Debug;
		};
		EE1196382BB7E600002706FF /* Release */ = {
			isa = XCBuildConfiguration;
			buildSettings = {
				ALWAYS_EMBED_SWIFT_STANDARD_LIBRARIES = YES;
				CODE_SIGN_STYLE = Automatic;
				CURRENT_PROJECT_VERSION = 1;
				DEVELOPMENT_TEAM = 8G52W4UACZ;
				GENERATE_INFOPLIST_FILE = YES;
				MARKETING_VERSION = 1.0;
				PRODUCT_BUNDLE_IDENTIFIER = com.ting.TintHWUITests;
				PRODUCT_NAME = "$(TARGET_NAME)";
				SWIFT_EMIT_LOC_STRINGS = NO;
				SWIFT_VERSION = 5.0;
				TARGETED_DEVICE_FAMILY = "1,2";
				TEST_TARGET_NAME = TintHW;
			};
			name = Release;
		};
/* End XCBuildConfiguration section */

/* Begin XCConfigurationList section */
		EE1196012BB7E5FE002706FF /* Build configuration list for PBXProject "TintHW" */ = {
			isa = XCConfigurationList;
			buildConfigurations = (
				EE11962E2BB7E600002706FF /* Debug */,
				EE11962F2BB7E600002706FF /* Release */,
			);
			defaultConfigurationIsVisible = 0;
			defaultConfigurationName = Release;
		};
		EE1196302BB7E600002706FF /* Build configuration list for PBXNativeTarget "TintHW" */ = {
			isa = XCConfigurationList;
			buildConfigurations = (
				EE1196312BB7E600002706FF /* Debug */,
				EE1196322BB7E600002706FF /* Release */,
			);
			defaultConfigurationIsVisible = 0;
			defaultConfigurationName = Release;
		};
		EE1196332BB7E600002706FF /* Build configuration list for PBXNativeTarget "TintHWTests" */ = {
			isa = XCConfigurationList;
			buildConfigurations = (
				EE1196342BB7E600002706FF /* Debug */,
				EE1196352BB7E600002706FF /* Release */,
			);
			defaultConfigurationIsVisible = 0;
			defaultConfigurationName = Release;
		};
		EE1196362BB7E600002706FF /* Build configuration list for PBXNativeTarget "TintHWUITests" */ = {
			isa = XCConfigurationList;
			buildConfigurations = (
				EE1196372BB7E600002706FF /* Debug */,
				EE1196382BB7E600002706FF /* Release */,
			);
			defaultConfigurationIsVisible = 0;
			defaultConfigurationName = Release;
		};
/* End XCConfigurationList section */

/* Begin XCRemoteSwiftPackageReference section */
		EEDDA6AC2BB7F478003CA59E /* XCRemoteSwiftPackageReference "Alamofire" */ = {
			isa = XCRemoteSwiftPackageReference;
			repositoryURL = "https://github.com/Alamofire/Alamofire.git";
			requirement = {
				kind = upToNextMajorVersion;
				minimumVersion = 5.0.0;
			};
		};
/* End XCRemoteSwiftPackageReference section */

/* Begin XCSwiftPackageProductDependency section */
		EEDDA6AD2BB7F478003CA59E /* Alamofire */ = {
			isa = XCSwiftPackageProductDependency;
			package = EEDDA6AC2BB7F478003CA59E /* XCRemoteSwiftPackageReference "Alamofire" */;
			productName = Alamofire;
		};
/* End XCSwiftPackageProductDependency section */
	};
	rootObject = EE1195FE2BB7E5FE002706FF /* Project object */;
}
